// !$*UTF8*$!
{
	archiveVersion = 1;
	classes = {
	};
	objectVersion = 46;
	objects = {

/* Begin PBXBuildFile section */
		B4994FC520588622001491A7 /* RxSwift.framework in Frameworks */ = {isa = PBXBuildFile; fileRef = B4994FC420588622001491A7 /* RxSwift.framework */; };
		B4994FC72058862E001491A7 /* RxCocoa.framework in Frameworks */ = {isa = PBXBuildFile; fileRef = B4994FC62058862E001491A7 /* RxCocoa.framework */; };
		B4994FCA205886F3001491A7 /* AppCoordinator.swift in Sources */ = {isa = PBXBuildFile; fileRef = B4994FC8205886F3001491A7 /* AppCoordinator.swift */; };
		B4994FCB205886F3001491A7 /* BaseCoordinator.swift in Sources */ = {isa = PBXBuildFile; fileRef = B4994FC9205886F3001491A7 /* BaseCoordinator.swift */; };
		B4994FCF20588A11001491A7 /* HomepageCoordinator.swift in Sources */ = {isa = PBXBuildFile; fileRef = B4994FCE20588A11001491A7 /* HomepageCoordinator.swift */; };
		B4994FD120588A47001491A7 /* HomepageCoordinatorResult.swift in Sources */ = {isa = PBXBuildFile; fileRef = B4994FD020588A47001491A7 /* HomepageCoordinatorResult.swift */; };
		B4994FD320588A57001491A7 /* HomepageViewController.swift in Sources */ = {isa = PBXBuildFile; fileRef = B4994FD220588A57001491A7 /* HomepageViewController.swift */; };
		B4994FD520588A65001491A7 /* HomepageViewModel.swift in Sources */ = {isa = PBXBuildFile; fileRef = B4994FD420588A65001491A7 /* HomepageViewModel.swift */; };
		B4994FD820588DDC001491A7 /* OnBoardingCoordinator.swift in Sources */ = {isa = PBXBuildFile; fileRef = B4994FD720588DDC001491A7 /* OnBoardingCoordinator.swift */; };
		B4994FDA20588DE9001491A7 /* OnBoardingCoordinatorResult.swift in Sources */ = {isa = PBXBuildFile; fileRef = B4994FD920588DE9001491A7 /* OnBoardingCoordinatorResult.swift */; };
		B4994FDD20588F07001491A7 /* SettingsCoordinator.swift in Sources */ = {isa = PBXBuildFile; fileRef = B4994FDC20588F07001491A7 /* SettingsCoordinator.swift */; };
		B4994FDF20588F10001491A7 /* SettingsCoordinatorResult.swift in Sources */ = {isa = PBXBuildFile; fileRef = B4994FDE20588F10001491A7 /* SettingsCoordinatorResult.swift */; };
		B4994FE1205894BD001491A7 /* HomepageDefaultViewModel.swift in Sources */ = {isa = PBXBuildFile; fileRef = B4994FE0205894BD001491A7 /* HomepageDefaultViewModel.swift */; };
		B4EFC9E3205880AC00B86A5D /* Assets.xcassets in Resources */ = {isa = PBXBuildFile; fileRef = B4EFC9E1205880AC00B86A5D /* Assets.xcassets */; };
		B4EFC9EC205881BB00B86A5D /* Default-568h@2x.png in Resources */ = {isa = PBXBuildFile; fileRef = B4EFC9EB205881BB00B86A5D /* Default-568h@2x.png */; };
		B4EFC9F9205882FC00B86A5D /* Rootable.swift in Sources */ = {isa = PBXBuildFile; fileRef = B4EFC9F6205882FC00B86A5D /* Rootable.swift */; };
		B4EFC9FA205882FC00B86A5D /* Navigationable.swift in Sources */ = {isa = PBXBuildFile; fileRef = B4EFC9F7205882FC00B86A5D /* Navigationable.swift */; };
		B4EFC9FB205882FC00B86A5D /* Coordinator.swift in Sources */ = {isa = PBXBuildFile; fileRef = B4EFC9F8205882FC00B86A5D /* Coordinator.swift */; };
		B4EFCA0C2058832B00B86A5D /* Bool+.swift in Sources */ = {isa = PBXBuildFile; fileRef = B4EFCA0A2058832B00B86A5D /* Bool+.swift */; };
		B4EFCA0D2058832B00B86A5D /* ViewExtension.swift in Sources */ = {isa = PBXBuildFile; fileRef = B4EFCA0B2058832B00B86A5D /* ViewExtension.swift */; };
		B4EFCA152058838000B86A5D /* Style.swift in Sources */ = {isa = PBXBuildFile; fileRef = B4EFCA102058837F00B86A5D /* Style.swift */; };
		B4EFCA162058838000B86A5D /* StyleAttributes.swift in Sources */ = {isa = PBXBuildFile; fileRef = B4EFCA112058837F00B86A5D /* StyleAttributes.swift */; };
		B4EFCA172058838000B86A5D /* ColorsPalette.swift in Sources */ = {isa = PBXBuildFile; fileRef = B4EFCA122058837F00B86A5D /* ColorsPalette.swift */; };
		B4EFCA182058838000B86A5D /* Styler.swift in Sources */ = {isa = PBXBuildFile; fileRef = B4EFCA132058837F00B86A5D /* Styler.swift */; };
		B4EFCA192058838000B86A5D /* Colors.swift in Sources */ = {isa = PBXBuildFile; fileRef = B4EFCA142058838000B86A5D /* Colors.swift */; };
		B4EFCA1D205883B700B86A5D /* LoginButton.swift in Sources */ = {isa = PBXBuildFile; fileRef = B4EFCA1C205883B700B86A5D /* LoginButton.swift */; };
		B4EFCA1F205883C000B86A5D /* AppWindow.swift in Sources */ = {isa = PBXBuildFile; fileRef = B4EFCA1E205883C000B86A5D /* AppWindow.swift */; };
		B4EFCA23205883C800B86A5D /* PrimaryButton.swift in Sources */ = {isa = PBXBuildFile; fileRef = B4EFCA20205883C800B86A5D /* PrimaryButton.swift */; };
		B4EFCA24205883C800B86A5D /* SecondaryButton.swift in Sources */ = {isa = PBXBuildFile; fileRef = B4EFCA21205883C800B86A5D /* SecondaryButton.swift */; };
		B4EFCA25205883C800B86A5D /* AppButton.swift in Sources */ = {isa = PBXBuildFile; fileRef = B4EFCA22205883C800B86A5D /* AppButton.swift */; };
		CF32A2991BBFEE34008122CC /* AppDelegate.swift in Sources */ = {isa = PBXBuildFile; fileRef = CF32A2981BBFEE34008122CC /* AppDelegate.swift */; };
		CF32A2A31BBFEE34008122CC /* LaunchScreen.storyboard in Resources */ = {isa = PBXBuildFile; fileRef = CF32A2A11BBFEE34008122CC /* LaunchScreen.storyboard */; };
		CF32A2AE1BBFEE34008122CC /* ScalezTests.swift in Sources */ = {isa = PBXBuildFile; fileRef = CF32A2AD1BBFEE34008122CC /* ScalezTests.swift */; };
		CF32A2B91BBFEE34008122CC /* ScalezUITests.swift in Sources */ = {isa = PBXBuildFile; fileRef = CF32A2B81BBFEE34008122CC /* ScalezUITests.swift */; };
/* End PBXBuildFile section */

/* Begin PBXContainerItemProxy section */
		CF32A2AA1BBFEE34008122CC /* PBXContainerItemProxy */ = {
			isa = PBXContainerItemProxy;
			containerPortal = CF32A28D1BBFEE34008122CC /* Project object */;
			proxyType = 1;
			remoteGlobalIDString = CF32A2941BBFEE34008122CC;
			remoteInfo = scalez;
		};
		CF32A2B51BBFEE34008122CC /* PBXContainerItemProxy */ = {
			isa = PBXContainerItemProxy;
			containerPortal = CF32A28D1BBFEE34008122CC /* Project object */;
			proxyType = 1;
			remoteGlobalIDString = CF32A2941BBFEE34008122CC;
			remoteInfo = scalez;
		};
/* End PBXContainerItemProxy section */

/* Begin PBXFileReference section */
		B4994FC420588622001491A7 /* RxSwift.framework */ = {isa = PBXFileReference; lastKnownFileType = wrapper.framework; name = RxSwift.framework; path = Carthage/Build/iOS/RxSwift.framework; sourceTree = "<group>"; };
		B4994FC62058862E001491A7 /* RxCocoa.framework */ = {isa = PBXFileReference; lastKnownFileType = wrapper.framework; name = RxCocoa.framework; path = Carthage/Build/iOS/RxCocoa.framework; sourceTree = "<group>"; };
		B4994FC8205886F3001491A7 /* AppCoordinator.swift */ = {isa = PBXFileReference; fileEncoding = 4; lastKnownFileType = sourcecode.swift; path = AppCoordinator.swift; sourceTree = "<group>"; };
		B4994FC9205886F3001491A7 /* BaseCoordinator.swift */ = {isa = PBXFileReference; fileEncoding = 4; lastKnownFileType = sourcecode.swift; path = BaseCoordinator.swift; sourceTree = "<group>"; };
		B4994FCE20588A11001491A7 /* HomepageCoordinator.swift */ = {isa = PBXFileReference; lastKnownFileType = sourcecode.swift; path = HomepageCoordinator.swift; sourceTree = "<group>"; };
		B4994FD020588A47001491A7 /* HomepageCoordinatorResult.swift */ = {isa = PBXFileReference; lastKnownFileType = sourcecode.swift; path = HomepageCoordinatorResult.swift; sourceTree = "<group>"; };
		B4994FD220588A57001491A7 /* HomepageViewController.swift */ = {isa = PBXFileReference; lastKnownFileType = sourcecode.swift; path = HomepageViewController.swift; sourceTree = "<group>"; };
		B4994FD420588A65001491A7 /* HomepageViewModel.swift */ = {isa = PBXFileReference; lastKnownFileType = sourcecode.swift; path = HomepageViewModel.swift; sourceTree = "<group>"; };
		B4994FD720588DDC001491A7 /* OnBoardingCoordinator.swift */ = {isa = PBXFileReference; lastKnownFileType = sourcecode.swift; path = OnBoardingCoordinator.swift; sourceTree = "<group>"; };
		B4994FD920588DE9001491A7 /* OnBoardingCoordinatorResult.swift */ = {isa = PBXFileReference; lastKnownFileType = sourcecode.swift; path = OnBoardingCoordinatorResult.swift; sourceTree = "<group>"; };
		B4994FDC20588F07001491A7 /* SettingsCoordinator.swift */ = {isa = PBXFileReference; lastKnownFileType = sourcecode.swift; path = SettingsCoordinator.swift; sourceTree = "<group>"; };
		B4994FDE20588F10001491A7 /* SettingsCoordinatorResult.swift */ = {isa = PBXFileReference; lastKnownFileType = sourcecode.swift; path = SettingsCoordinatorResult.swift; sourceTree = "<group>"; };
		B4994FE0205894BD001491A7 /* HomepageDefaultViewModel.swift */ = {isa = PBXFileReference; lastKnownFileType = sourcecode.swift; path = HomepageDefaultViewModel.swift; sourceTree = "<group>"; };
		B4A1A2D21CD4C83000190A14 /* LICENSE */ = {isa = PBXFileReference; fileEncoding = 4; lastKnownFileType = text; name = LICENSE; path = scalez/resources/LICENSE; sourceTree = SOURCE_ROOT; };
		B4A1A2D31CD4C83000190A14 /* README.md */ = {isa = PBXFileReference; fileEncoding = 4; lastKnownFileType = net.daringfireball.markdown; name = README.md; path = scalez/resources/README.md; sourceTree = SOURCE_ROOT; };
		B4EFC9E0205880AC00B86A5D /* Info.plist */ = {isa = PBXFileReference; fileEncoding = 4; lastKnownFileType = text.plist.xml; path = Info.plist; sourceTree = "<group>"; };
		B4EFC9E1205880AC00B86A5D /* Assets.xcassets */ = {isa = PBXFileReference; lastKnownFileType = folder.assetcatalog; path = Assets.xcassets; sourceTree = "<group>"; };
		B4EFC9EB205881BB00B86A5D /* Default-568h@2x.png */ = {isa = PBXFileReference; lastKnownFileType = image.png; path = "Default-568h@2x.png"; sourceTree = "<group>"; };
		B4EFC9F6205882FC00B86A5D /* Rootable.swift */ = {isa = PBXFileReference; fileEncoding = 4; lastKnownFileType = sourcecode.swift; path = Rootable.swift; sourceTree = "<group>"; };
		B4EFC9F7205882FC00B86A5D /* Navigationable.swift */ = {isa = PBXFileReference; fileEncoding = 4; lastKnownFileType = sourcecode.swift; path = Navigationable.swift; sourceTree = "<group>"; };
		B4EFC9F8205882FC00B86A5D /* Coordinator.swift */ = {isa = PBXFileReference; fileEncoding = 4; lastKnownFileType = sourcecode.swift; path = Coordinator.swift; sourceTree = "<group>"; };
		B4EFCA0A2058832B00B86A5D /* Bool+.swift */ = {isa = PBXFileReference; fileEncoding = 4; lastKnownFileType = sourcecode.swift; path = "Bool+.swift"; sourceTree = "<group>"; };
		B4EFCA0B2058832B00B86A5D /* ViewExtension.swift */ = {isa = PBXFileReference; fileEncoding = 4; lastKnownFileType = sourcecode.swift; path = ViewExtension.swift; sourceTree = "<group>"; };
		B4EFCA102058837F00B86A5D /* Style.swift */ = {isa = PBXFileReference; fileEncoding = 4; lastKnownFileType = sourcecode.swift; path = Style.swift; sourceTree = "<group>"; };
		B4EFCA112058837F00B86A5D /* StyleAttributes.swift */ = {isa = PBXFileReference; fileEncoding = 4; lastKnownFileType = sourcecode.swift; path = StyleAttributes.swift; sourceTree = "<group>"; };
		B4EFCA122058837F00B86A5D /* ColorsPalette.swift */ = {isa = PBXFileReference; fileEncoding = 4; lastKnownFileType = sourcecode.swift; path = ColorsPalette.swift; sourceTree = "<group>"; };
		B4EFCA132058837F00B86A5D /* Styler.swift */ = {isa = PBXFileReference; fileEncoding = 4; lastKnownFileType = sourcecode.swift; path = Styler.swift; sourceTree = "<group>"; };
		B4EFCA142058838000B86A5D /* Colors.swift */ = {isa = PBXFileReference; fileEncoding = 4; lastKnownFileType = sourcecode.swift; path = Colors.swift; sourceTree = "<group>"; };
		B4EFCA1C205883B700B86A5D /* LoginButton.swift */ = {isa = PBXFileReference; fileEncoding = 4; lastKnownFileType = sourcecode.swift; path = LoginButton.swift; sourceTree = "<group>"; };
		B4EFCA1E205883C000B86A5D /* AppWindow.swift */ = {isa = PBXFileReference; fileEncoding = 4; lastKnownFileType = sourcecode.swift; path = AppWindow.swift; sourceTree = "<group>"; };
		B4EFCA20205883C800B86A5D /* PrimaryButton.swift */ = {isa = PBXFileReference; fileEncoding = 4; lastKnownFileType = sourcecode.swift; path = PrimaryButton.swift; sourceTree = "<group>"; };
		B4EFCA21205883C800B86A5D /* SecondaryButton.swift */ = {isa = PBXFileReference; fileEncoding = 4; lastKnownFileType = sourcecode.swift; path = SecondaryButton.swift; sourceTree = "<group>"; };
		B4EFCA22205883C800B86A5D /* AppButton.swift */ = {isa = PBXFileReference; fileEncoding = 4; lastKnownFileType = sourcecode.swift; path = AppButton.swift; sourceTree = "<group>"; };
		CF32A2951BBFEE34008122CC /* scalez.app */ = {isa = PBXFileReference; explicitFileType = wrapper.application; includeInIndex = 0; path = scalez.app; sourceTree = BUILT_PRODUCTS_DIR; };
		CF32A2981BBFEE34008122CC /* AppDelegate.swift */ = {isa = PBXFileReference; lastKnownFileType = sourcecode.swift; path = AppDelegate.swift; sourceTree = "<group>"; };
		CF32A2A21BBFEE34008122CC /* Base */ = {isa = PBXFileReference; lastKnownFileType = file.storyboard; name = Base; path = Base.lproj/LaunchScreen.storyboard; sourceTree = "<group>"; };
		CF32A2A91BBFEE34008122CC /* scalezTests.xctest */ = {isa = PBXFileReference; explicitFileType = wrapper.cfbundle; includeInIndex = 0; path = scalezTests.xctest; sourceTree = BUILT_PRODUCTS_DIR; };
		CF32A2AD1BBFEE34008122CC /* ScalezTests.swift */ = {isa = PBXFileReference; lastKnownFileType = sourcecode.swift; path = ScalezTests.swift; sourceTree = "<group>"; };
		CF32A2AF1BBFEE34008122CC /* Info.plist */ = {isa = PBXFileReference; lastKnownFileType = text.plist.xml; path = Info.plist; sourceTree = "<group>"; };
		CF32A2B41BBFEE34008122CC /* scalezUITests.xctest */ = {isa = PBXFileReference; explicitFileType = wrapper.cfbundle; includeInIndex = 0; path = scalezUITests.xctest; sourceTree = BUILT_PRODUCTS_DIR; };
		CF32A2B81BBFEE34008122CC /* ScalezUITests.swift */ = {isa = PBXFileReference; lastKnownFileType = sourcecode.swift; path = ScalezUITests.swift; sourceTree = "<group>"; };
		CF32A2BA1BBFEE34008122CC /* Info.plist */ = {isa = PBXFileReference; lastKnownFileType = text.plist.xml; path = Info.plist; sourceTree = "<group>"; };
/* End PBXFileReference section */

/* Begin PBXFrameworksBuildPhase section */
		CF32A2921BBFEE34008122CC /* Frameworks */ = {
			isa = PBXFrameworksBuildPhase;
			buildActionMask = 2147483647;
			files = (
				B4994FC520588622001491A7 /* RxSwift.framework in Frameworks */,
				B4994FC72058862E001491A7 /* RxCocoa.framework in Frameworks */,
			);
			runOnlyForDeploymentPostprocessing = 0;
		};
		CF32A2A61BBFEE34008122CC /* Frameworks */ = {
			isa = PBXFrameworksBuildPhase;
			buildActionMask = 2147483647;
			files = (
			);
			runOnlyForDeploymentPostprocessing = 0;
		};
		CF32A2B11BBFEE34008122CC /* Frameworks */ = {
			isa = PBXFrameworksBuildPhase;
			buildActionMask = 2147483647;
			files = (
			);
			runOnlyForDeploymentPostprocessing = 0;
		};
/* End PBXFrameworksBuildPhase section */

/* Begin PBXGroup section */
		B47B69381DC5EF900010905E /* resources */ = {
			isa = PBXGroup;
			children = (
				B4EFC9E1205880AC00B86A5D /* Assets.xcassets */,
				B4EFC9EB205881BB00B86A5D /* Default-568h@2x.png */,
				B4EFC9E0205880AC00B86A5D /* Info.plist */,
				B4A1A2D21CD4C83000190A14 /* LICENSE */,
				B4A1A2D31CD4C83000190A14 /* README.md */,
			);
			path = resources;
			sourceTree = "<group>";
		};
		B4994FC320588622001491A7 /* Frameworks */ = {
			isa = PBXGroup;
			children = (
				B4994FC62058862E001491A7 /* RxCocoa.framework */,
				B4994FC420588622001491A7 /* RxSwift.framework */,
			);
			name = Frameworks;
			sourceTree = "<group>";
		};
		B4994FCC20588798001491A7 /* features */ = {
			isa = PBXGroup;
			children = (
				B4994FDB20588EF8001491A7 /* Settings */,
				B4994FD620588DA5001491A7 /* onBoarding */,
				B4994FCD205889EF001491A7 /* homepage */,
				B4994FC8205886F3001491A7 /* AppCoordinator.swift */,
			);
			path = features;
			sourceTree = "<group>";
		};
		B4994FCD205889EF001491A7 /* homepage */ = {
			isa = PBXGroup;
			children = (
				B4994FCE20588A11001491A7 /* HomepageCoordinator.swift */,
				B4994FD020588A47001491A7 /* HomepageCoordinatorResult.swift */,
				B4994FD420588A65001491A7 /* HomepageViewModel.swift */,
				B4994FE0205894BD001491A7 /* HomepageDefaultViewModel.swift */,
				B4994FD220588A57001491A7 /* HomepageViewController.swift */,
			);
			path = homepage;
			sourceTree = "<group>";
		};
		B4994FD620588DA5001491A7 /* onBoarding */ = {
			isa = PBXGroup;
			children = (
				B4994FD720588DDC001491A7 /* OnBoardingCoordinator.swift */,
				B4994FD920588DE9001491A7 /* OnBoardingCoordinatorResult.swift */,
			);
			path = onBoarding;
			sourceTree = "<group>";
		};
		B4994FDB20588EF8001491A7 /* Settings */ = {
			isa = PBXGroup;
			children = (
				B4994FDC20588F07001491A7 /* SettingsCoordinator.swift */,
				B4994FDE20588F10001491A7 /* SettingsCoordinatorResult.swift */,
			);
			path = Settings;
			sourceTree = "<group>";
		};
		B4EFC9EF205881FC00B86A5D /* common */ = {
			isa = PBXGroup;
			children = (
				B4EFC9F22058826600B86A5D /* coordinators */,
				B4EFC9F12058825700B86A5D /* utilities */,
			);
			path = common;
			sourceTree = "<group>";
		};
		B4EFC9F12058825700B86A5D /* utilities */ = {
			isa = PBXGroup;
			children = (
				B4EFC9F42058829000B86A5D /* extensions */,
				B4EFC9F52058829700B86A5D /* ui */,
			);
			path = utilities;
			sourceTree = "<group>";
		};
		B4EFC9F22058826600B86A5D /* coordinators */ = {
			isa = PBXGroup;
			children = (
				B4EFC9F32058828500B86A5D /* protocols */,
				B4994FC9205886F3001491A7 /* BaseCoordinator.swift */,
			);
			path = coordinators;
			sourceTree = "<group>";
		};
		B4EFC9F32058828500B86A5D /* protocols */ = {
			isa = PBXGroup;
			children = (
				B4EFC9F8205882FC00B86A5D /* Coordinator.swift */,
				B4EFC9F7205882FC00B86A5D /* Navigationable.swift */,
				B4EFC9F6205882FC00B86A5D /* Rootable.swift */,
			);
			path = protocols;
			sourceTree = "<group>";
		};
		B4EFC9F42058829000B86A5D /* extensions */ = {
			isa = PBXGroup;
			children = (
				B4EFCA0A2058832B00B86A5D /* Bool+.swift */,
				B4EFCA0B2058832B00B86A5D /* ViewExtension.swift */,
			);
			path = extensions;
			sourceTree = "<group>";
		};
		B4EFC9F52058829700B86A5D /* ui */ = {
			isa = PBXGroup;
			children = (
				B4EFCA0F2058834E00B86A5D /* styles */,
				B4EFCA0E2058834700B86A5D /* resources */,
			);
			path = ui;
			sourceTree = "<group>";
		};
		B4EFCA0E2058834700B86A5D /* resources */ = {
			isa = PBXGroup;
			children = (
				B4EFCA142058838000B86A5D /* Colors.swift */,
				B4EFCA122058837F00B86A5D /* ColorsPalette.swift */,
				B4EFCA102058837F00B86A5D /* Style.swift */,
				B4EFCA112058837F00B86A5D /* StyleAttributes.swift */,
				B4EFCA132058837F00B86A5D /* Styler.swift */,
			);
			path = resources;
			sourceTree = "<group>";
		};
		B4EFCA0F2058834E00B86A5D /* styles */ = {
			isa = PBXGroup;
			children = (
				B4EFCA1B2058839B00B86A5D /* mainStyles */,
				B4EFCA1A2058839500B86A5D /* buttons */,
				B4EFCA1C205883B700B86A5D /* LoginButton.swift */,
			);
			path = styles;
			sourceTree = "<group>";
		};
		B4EFCA1A2058839500B86A5D /* buttons */ = {
			isa = PBXGroup;
			children = (
				B4EFCA22205883C800B86A5D /* AppButton.swift */,
				B4EFCA20205883C800B86A5D /* PrimaryButton.swift */,
				B4EFCA21205883C800B86A5D /* SecondaryButton.swift */,
			);
			path = buttons;
			sourceTree = "<group>";
		};
		B4EFCA1B2058839B00B86A5D /* mainStyles */ = {
			isa = PBXGroup;
			children = (
				B4EFCA1E205883C000B86A5D /* AppWindow.swift */,
			);
			path = mainStyles;
			sourceTree = "<group>";
		};
		CF32A28C1BBFEE34008122CC = {
			isa = PBXGroup;
			children = (
				CF32A2971BBFEE34008122CC /* scalez */,
				CF32A2AC1BBFEE34008122CC /* scalezTests */,
				CF32A2B71BBFEE34008122CC /* scalezUITests */,
				CF32A2961BBFEE34008122CC /* Products */,
				B4994FC320588622001491A7 /* Frameworks */,
			);
			sourceTree = "<group>";
		};
		CF32A2961BBFEE34008122CC /* Products */ = {
			isa = PBXGroup;
			children = (
				CF32A2951BBFEE34008122CC /* scalez.app */,
				CF32A2A91BBFEE34008122CC /* scalezTests.xctest */,
				CF32A2B41BBFEE34008122CC /* scalezUITests.xctest */,
			);
			name = Products;
			sourceTree = "<group>";
		};
		CF32A2971BBFEE34008122CC /* scalez */ = {
			isa = PBXGroup;
			children = (
				B4EFC9EF205881FC00B86A5D /* common */,
				B4994FCC20588798001491A7 /* features */,
				CF62C68D1BBFEF0500766524 /* others */,
				B47B69381DC5EF900010905E /* resources */,
			);
			path = scalez;
			sourceTree = "<group>";
		};
		CF32A2AC1BBFEE34008122CC /* scalezTests */ = {
			isa = PBXGroup;
			children = (
				CF32A2AD1BBFEE34008122CC /* ScalezTests.swift */,
				CF32A2AF1BBFEE34008122CC /* Info.plist */,
			);
			path = scalezTests;
			sourceTree = "<group>";
		};
		CF32A2B71BBFEE34008122CC /* scalezUITests */ = {
			isa = PBXGroup;
			children = (
				CF32A2B81BBFEE34008122CC /* ScalezUITests.swift */,
				CF32A2BA1BBFEE34008122CC /* Info.plist */,
			);
			path = scalezUITests;
			sourceTree = "<group>";
		};
		CF62C68D1BBFEF0500766524 /* others */ = {
			isa = PBXGroup;
			children = (
				CF32A2981BBFEE34008122CC /* AppDelegate.swift */,
				CF32A2A11BBFEE34008122CC /* LaunchScreen.storyboard */,
			);
			name = others;
			sourceTree = "<group>";
		};
/* End PBXGroup section */

/* Begin PBXNativeTarget section */
		CF32A2941BBFEE34008122CC /* scalez */ = {
			isa = PBXNativeTarget;
			buildConfigurationList = CF32A2BD1BBFEE34008122CC /* Build configuration list for PBXNativeTarget "scalez" */;
			buildPhases = (
				CF32A2911BBFEE34008122CC /* Sources */,
				CF32A2921BBFEE34008122CC /* Frameworks */,
				CF32A2931BBFEE34008122CC /* Resources */,
				B4EFC9C1205878F700B86A5D /* ShellScript */,
				B4994FC220588575001491A7 /* ShellScript */,
			);
			buildRules = (
			);
			dependencies = (
			);
			name = scalez;
			productName = scalez;
			productReference = CF32A2951BBFEE34008122CC /* scalez.app */;
			productType = "com.apple.product-type.application";
		};
		CF32A2A81BBFEE34008122CC /* scalezTests */ = {
			isa = PBXNativeTarget;
			buildConfigurationList = CF32A2C01BBFEE34008122CC /* Build configuration list for PBXNativeTarget "scalezTests" */;
			buildPhases = (
				CF32A2A51BBFEE34008122CC /* Sources */,
				CF32A2A61BBFEE34008122CC /* Frameworks */,
				CF32A2A71BBFEE34008122CC /* Resources */,
			);
			buildRules = (
			);
			dependencies = (
				CF32A2AB1BBFEE34008122CC /* PBXTargetDependency */,
			);
			name = scalezTests;
			productName = scalezTests;
			productReference = CF32A2A91BBFEE34008122CC /* scalezTests.xctest */;
			productType = "com.apple.product-type.bundle.unit-test";
		};
		CF32A2B31BBFEE34008122CC /* scalezUITests */ = {
			isa = PBXNativeTarget;
			buildConfigurationList = CF32A2C31BBFEE34008122CC /* Build configuration list for PBXNativeTarget "scalezUITests" */;
			buildPhases = (
				CF32A2B01BBFEE34008122CC /* Sources */,
				CF32A2B11BBFEE34008122CC /* Frameworks */,
				CF32A2B21BBFEE34008122CC /* Resources */,
			);
			buildRules = (
			);
			dependencies = (
				CF32A2B61BBFEE34008122CC /* PBXTargetDependency */,
			);
			name = scalezUITests;
			productName = scalezUITests;
			productReference = CF32A2B41BBFEE34008122CC /* scalezUITests.xctest */;
			productType = "com.apple.product-type.bundle.ui-testing";
		};
/* End PBXNativeTarget section */

/* Begin PBXProject section */
		CF32A28D1BBFEE34008122CC /* Project object */ = {
			isa = PBXProject;
			attributes = {
				LastUpgradeCheck = 0920;
				ORGANIZATIONNAME = "Jorge Moura";
				TargetAttributes = {
					CF32A2941BBFEE34008122CC = {
						CreatedOnToolsVersion = 7.0.1;
						DevelopmentTeam = 6CHZFW8V57;
						LastSwiftMigration = 0920;
						ProvisioningStyle = Automatic;
					};
					CF32A2A81BBFEE34008122CC = {
						CreatedOnToolsVersion = 7.0.1;
						DevelopmentTeam = 6CHZFW8V57;
						LastSwiftMigration = 0920;
						TestTargetID = CF32A2941BBFEE34008122CC;
					};
					CF32A2B31BBFEE34008122CC = {
						CreatedOnToolsVersion = 7.0.1;
						DevelopmentTeam = 6CHZFW8V57;
						LastSwiftMigration = 0920;
						TestTargetID = CF32A2941BBFEE34008122CC;
					};
				};
			};
			buildConfigurationList = CF32A2901BBFEE34008122CC /* Build configuration list for PBXProject "scalez" */;
			compatibilityVersion = "Xcode 3.2";
			developmentRegion = English;
			hasScannedForEncodings = 0;
			knownRegions = (
				en,
				Base,
			);
			mainGroup = CF32A28C1BBFEE34008122CC;
			productRefGroup = CF32A2961BBFEE34008122CC /* Products */;
			projectDirPath = "";
			projectRoot = "";
			targets = (
				CF32A2941BBFEE34008122CC /* scalez */,
				CF32A2A81BBFEE34008122CC /* scalezTests */,
				CF32A2B31BBFEE34008122CC /* scalezUITests */,
			);
		};
/* End PBXProject section */

/* Begin PBXResourcesBuildPhase section */
		CF32A2931BBFEE34008122CC /* Resources */ = {
			isa = PBXResourcesBuildPhase;
			buildActionMask = 2147483647;
			files = (
				CF32A2A31BBFEE34008122CC /* LaunchScreen.storyboard in Resources */,
				B4EFC9E3205880AC00B86A5D /* Assets.xcassets in Resources */,
				B4EFC9EC205881BB00B86A5D /* Default-568h@2x.png in Resources */,
			);
			runOnlyForDeploymentPostprocessing = 0;
		};
		CF32A2A71BBFEE34008122CC /* Resources */ = {
			isa = PBXResourcesBuildPhase;
			buildActionMask = 2147483647;
			files = (
			);
			runOnlyForDeploymentPostprocessing = 0;
		};
		CF32A2B21BBFEE34008122CC /* Resources */ = {
			isa = PBXResourcesBuildPhase;
			buildActionMask = 2147483647;
			files = (
			);
			runOnlyForDeploymentPostprocessing = 0;
		};
/* End PBXResourcesBuildPhase section */

/* Begin PBXShellScriptBuildPhase section */
		B4994FC220588575001491A7 /* ShellScript */ = {
			isa = PBXShellScriptBuildPhase;
			buildActionMask = 2147483647;
			files = (
			);
			inputPaths = (
				"$(SRCROOT)/Carthage/Build/iOS/RxSwift.framework",
				"$(SRCROOT)/Carthage/Build/iOS/RxCocoa.framework",
			);
			outputPaths = (
				"$(BUILT_PRODUCTS_DIR)/$(FRAMEWORKS_FOLDER_PATH)/RxSwift.framework",
				"$(BUILT_PRODUCTS_DIR)/$(FRAMEWORKS_FOLDER_PATH)/RxCocoa.framework",
			);
			runOnlyForDeploymentPostprocessing = 0;
			shellPath = /bin/sh;
			shellScript = "/usr/local/bin/carthage copy-frameworks";
		};
		B4EFC9C1205878F700B86A5D /* ShellScript */ = {
			isa = PBXShellScriptBuildPhase;
			buildActionMask = 2147483647;
			files = (
			);
			inputPaths = (
			);
			outputPaths = (
			);
			runOnlyForDeploymentPostprocessing = 0;
			shellPath = /bin/sh;
			shellScript = "if which swiftlint >/dev/null; then\nswiftlint\nelse\necho \"warning: SwiftLint not installed, download from https://github.com/realm/SwiftLint\"\nfi";
		};
/* End PBXShellScriptBuildPhase section */

/* Begin PBXSourcesBuildPhase section */
		CF32A2911BBFEE34008122CC /* Sources */ = {
			isa = PBXSourcesBuildPhase;
			buildActionMask = 2147483647;
			files = (
				B4EFCA24205883C800B86A5D /* SecondaryButton.swift in Sources */,
				B4EFCA1D205883B700B86A5D /* LoginButton.swift in Sources */,
				B4EFC9FB205882FC00B86A5D /* Coordinator.swift in Sources */,
				B4EFCA192058838000B86A5D /* Colors.swift in Sources */,
				B4EFCA25205883C800B86A5D /* AppButton.swift in Sources */,
				B4EFC9FA205882FC00B86A5D /* Navigationable.swift in Sources */,
				CF32A2991BBFEE34008122CC /* AppDelegate.swift in Sources */,
				B4994FD520588A65001491A7 /* HomepageViewModel.swift in Sources */,
				B4994FDD20588F07001491A7 /* SettingsCoordinator.swift in Sources */,
				B4994FDA20588DE9001491A7 /* OnBoardingCoordinatorResult.swift in Sources */,
				B4994FD120588A47001491A7 /* HomepageCoordinatorResult.swift in Sources */,
				B4EFCA162058838000B86A5D /* StyleAttributes.swift in Sources */,
				B4EFCA152058838000B86A5D /* Style.swift in Sources */,
				B4EFCA0C2058832B00B86A5D /* Bool+.swift in Sources */,
				B4994FCA205886F3001491A7 /* AppCoordinator.swift in Sources */,
				B4EFC9F9205882FC00B86A5D /* Rootable.swift in Sources */,
				B4994FCF20588A11001491A7 /* HomepageCoordinator.swift in Sources */,
				B4994FD820588DDC001491A7 /* OnBoardingCoordinator.swift in Sources */,
				B4EFCA1F205883C000B86A5D /* AppWindow.swift in Sources */,
				B4994FDF20588F10001491A7 /* SettingsCoordinatorResult.swift in Sources */,
				B4994FCB205886F3001491A7 /* BaseCoordinator.swift in Sources */,
				B4EFCA182058838000B86A5D /* Styler.swift in Sources */,
				B4994FE1205894BD001491A7 /* HomepageDefaultViewModel.swift in Sources */,
				B4994FD320588A57001491A7 /* HomepageViewController.swift in Sources */,
				B4EFCA23205883C800B86A5D /* PrimaryButton.swift in Sources */,
				B4EFCA0D2058832B00B86A5D /* ViewExtension.swift in Sources */,
				B4EFCA172058838000B86A5D /* ColorsPalette.swift in Sources */,
			);
			runOnlyForDeploymentPostprocessing = 0;
		};
		CF32A2A51BBFEE34008122CC /* Sources */ = {
			isa = PBXSourcesBuildPhase;
			buildActionMask = 2147483647;
			files = (
				CF32A2AE1BBFEE34008122CC /* ScalezTests.swift in Sources */,
			);
			runOnlyForDeploymentPostprocessing = 0;
		};
		CF32A2B01BBFEE34008122CC /* Sources */ = {
			isa = PBXSourcesBuildPhase;
			buildActionMask = 2147483647;
			files = (
				CF32A2B91BBFEE34008122CC /* ScalezUITests.swift in Sources */,
			);
			runOnlyForDeploymentPostprocessing = 0;
		};
/* End PBXSourcesBuildPhase section */

/* Begin PBXTargetDependency section */
		CF32A2AB1BBFEE34008122CC /* PBXTargetDependency */ = {
			isa = PBXTargetDependency;
			target = CF32A2941BBFEE34008122CC /* scalez */;
			targetProxy = CF32A2AA1BBFEE34008122CC /* PBXContainerItemProxy */;
		};
		CF32A2B61BBFEE34008122CC /* PBXTargetDependency */ = {
			isa = PBXTargetDependency;
			target = CF32A2941BBFEE34008122CC /* scalez */;
			targetProxy = CF32A2B51BBFEE34008122CC /* PBXContainerItemProxy */;
		};
/* End PBXTargetDependency section */

/* Begin PBXVariantGroup section */
		CF32A2A11BBFEE34008122CC /* LaunchScreen.storyboard */ = {
			isa = PBXVariantGroup;
			children = (
				CF32A2A21BBFEE34008122CC /* Base */,
			);
			name = LaunchScreen.storyboard;
			sourceTree = "<group>";
		};
/* End PBXVariantGroup section */

/* Begin XCBuildConfiguration section */
		CF32A2BB1BBFEE34008122CC /* Debug */ = {
			isa = XCBuildConfiguration;
			buildSettings = {
				ALWAYS_SEARCH_USER_PATHS = NO;
				CLANG_ANALYZER_NONNULL = YES;
				CLANG_ANALYZER_NUMBER_OBJECT_CONVERSION = YES_AGGRESSIVE;
				CLANG_CXX_LANGUAGE_STANDARD = "gnu++14";
				CLANG_CXX_LIBRARY = "libc++";
				CLANG_ENABLE_MODULES = YES;
				CLANG_ENABLE_OBJC_ARC = YES;
				CLANG_WARN_BLOCK_CAPTURE_AUTORELEASING = YES;
				CLANG_WARN_BOOL_CONVERSION = YES;
				CLANG_WARN_COMMA = YES;
				CLANG_WARN_CONSTANT_CONVERSION = YES;
				CLANG_WARN_DIRECT_OBJC_ISA_USAGE = YES_ERROR;
				CLANG_WARN_EMPTY_BODY = NO;
				CLANG_WARN_ENUM_CONVERSION = YES;
				CLANG_WARN_INFINITE_RECURSION = YES;
				CLANG_WARN_INT_CONVERSION = YES;
				CLANG_WARN_NON_LITERAL_NULL_CONVERSION = YES;
				CLANG_WARN_OBJC_LITERAL_CONVERSION = YES;
				CLANG_WARN_OBJC_ROOT_CLASS = YES_ERROR;
				CLANG_WARN_RANGE_LOOP_ANALYSIS = YES;
				CLANG_WARN_STRICT_PROTOTYPES = YES;
				CLANG_WARN_SUSPICIOUS_MOVE = YES;
				CLANG_WARN_UNREACHABLE_CODE = YES;
				CLANG_WARN__DUPLICATE_METHOD_MATCH = YES;
				"CODE_SIGN_IDENTITY[sdk=iphoneos*]" = "iPhone Developer";
				COPY_PHASE_STRIP = NO;
				DEBUG_INFORMATION_FORMAT = dwarf;
				ENABLE_STRICT_OBJC_MSGSEND = YES;
				ENABLE_TESTABILITY = YES;
				GCC_C_LANGUAGE_STANDARD = gnu11;
				GCC_DYNAMIC_NO_PIC = NO;
				GCC_NO_COMMON_BLOCKS = YES;
				GCC_OPTIMIZATION_LEVEL = 0;
				GCC_PREPROCESSOR_DEFINITIONS = (
					"DEBUG=1",
					"$(inherited)",
				);
				GCC_WARN_64_TO_32_BIT_CONVERSION = YES;
				GCC_WARN_ABOUT_RETURN_TYPE = YES_ERROR;
				GCC_WARN_UNDECLARED_SELECTOR = YES;
				GCC_WARN_UNINITIALIZED_AUTOS = YES_AGGRESSIVE;
				GCC_WARN_UNUSED_FUNCTION = YES;
				GCC_WARN_UNUSED_VARIABLE = YES;
				IPHONEOS_DEPLOYMENT_TARGET = 11.2;
				MTL_ENABLE_DEBUG_INFO = YES;
				ONLY_ACTIVE_ARCH = YES;
				SDKROOT = iphoneos;
				SWIFT_OPTIMIZATION_LEVEL = "-Onone";
				SWIFT_TREAT_WARNINGS_AS_ERRORS = YES;
				SWIFT_VERSION = 4.0;
			};
			name = Debug;
		};
		CF32A2BC1BBFEE34008122CC /* Release */ = {
			isa = XCBuildConfiguration;
			buildSettings = {
				ALWAYS_SEARCH_USER_PATHS = NO;
				CLANG_ANALYZER_NONNULL = YES;
				CLANG_ANALYZER_NUMBER_OBJECT_CONVERSION = YES_AGGRESSIVE;
				CLANG_CXX_LANGUAGE_STANDARD = "gnu++14";
				CLANG_CXX_LIBRARY = "libc++";
				CLANG_ENABLE_MODULES = YES;
				CLANG_ENABLE_OBJC_ARC = YES;
				CLANG_WARN_BLOCK_CAPTURE_AUTORELEASING = YES;
				CLANG_WARN_BOOL_CONVERSION = YES;
				CLANG_WARN_COMMA = YES;
				CLANG_WARN_CONSTANT_CONVERSION = YES;
				CLANG_WARN_DIRECT_OBJC_ISA_USAGE = YES_ERROR;
				CLANG_WARN_EMPTY_BODY = NO;
				CLANG_WARN_ENUM_CONVERSION = YES;
				CLANG_WARN_INFINITE_RECURSION = YES;
				CLANG_WARN_INT_CONVERSION = YES;
				CLANG_WARN_NON_LITERAL_NULL_CONVERSION = YES;
				CLANG_WARN_OBJC_LITERAL_CONVERSION = YES;
				CLANG_WARN_OBJC_ROOT_CLASS = YES_ERROR;
				CLANG_WARN_RANGE_LOOP_ANALYSIS = YES;
				CLANG_WARN_STRICT_PROTOTYPES = YES;
				CLANG_WARN_SUSPICIOUS_MOVE = YES;
				CLANG_WARN_UNREACHABLE_CODE = YES;
				CLANG_WARN__DUPLICATE_METHOD_MATCH = YES;
				"CODE_SIGN_IDENTITY[sdk=iphoneos*]" = "iPhone Developer";
				COPY_PHASE_STRIP = NO;
				DEBUG_INFORMATION_FORMAT = "dwarf-with-dsym";
				ENABLE_NS_ASSERTIONS = NO;
				ENABLE_STRICT_OBJC_MSGSEND = YES;
				GCC_C_LANGUAGE_STANDARD = gnu11;
				GCC_NO_COMMON_BLOCKS = YES;
				GCC_WARN_64_TO_32_BIT_CONVERSION = YES;
				GCC_WARN_ABOUT_RETURN_TYPE = YES_ERROR;
				GCC_WARN_UNDECLARED_SELECTOR = YES;
				GCC_WARN_UNINITIALIZED_AUTOS = YES_AGGRESSIVE;
				GCC_WARN_UNUSED_FUNCTION = YES;
				GCC_WARN_UNUSED_VARIABLE = YES;
				IPHONEOS_DEPLOYMENT_TARGET = 11.2;
				MTL_ENABLE_DEBUG_INFO = NO;
				SDKROOT = iphoneos;
				SWIFT_OPTIMIZATION_LEVEL = "-Owholemodule";
				SWIFT_TREAT_WARNINGS_AS_ERRORS = YES;
				SWIFT_VERSION = 4.0;
				VALIDATE_PRODUCT = YES;
			};
			name = Release;
		};
		CF32A2BE1BBFEE34008122CC /* Debug */ = {
			isa = XCBuildConfiguration;
			buildSettings = {
				ASSETCATALOG_COMPILER_APPICON_NAME = "AppIcon-ios";
				CODE_SIGN_IDENTITY = "iPhone Developer";
				"CODE_SIGN_IDENTITY[sdk=iphoneos*]" = "iPhone Developer";
				CODE_SIGN_STYLE = Automatic;
				DEVELOPMENT_TEAM = 6CHZFW8V57;
				FRAMEWORK_SEARCH_PATHS = (
					"$(inherited)",
					"$(PROJECT_DIR)/Carthage/Build/iOS",
				);
				INFOPLIST_FILE = scalez/resources/Info.plist;
				LD_RUNPATH_SEARCH_PATHS = "$(inherited) @executable_path/Frameworks";
				PRODUCT_BUNDLE_IDENTIFIER = com.jjorgemoura.scalez;
				PRODUCT_NAME = "$(TARGET_NAME)";
				PROVISIONING_PROFILE = "";
				PROVISIONING_PROFILE_SPECIFIER = "";
				TARGETED_DEVICE_FAMILY = "1,2";
			};
			name = Debug;
		};
		CF32A2BF1BBFEE34008122CC /* Release */ = {
			isa = XCBuildConfiguration;
			buildSettings = {
				ASSETCATALOG_COMPILER_APPICON_NAME = "AppIcon-ios";
				CODE_SIGN_IDENTITY = "iPhone Developer";
				"CODE_SIGN_IDENTITY[sdk=iphoneos*]" = "iPhone Developer";
				CODE_SIGN_STYLE = Automatic;
				DEVELOPMENT_TEAM = 6CHZFW8V57;
				FRAMEWORK_SEARCH_PATHS = (
					"$(inherited)",
					"$(PROJECT_DIR)/Carthage/Build/iOS",
				);
				INFOPLIST_FILE = scalez/resources/Info.plist;
				LD_RUNPATH_SEARCH_PATHS = "$(inherited) @executable_path/Frameworks";
				PRODUCT_BUNDLE_IDENTIFIER = com.jjorgemoura.scalez;
				PRODUCT_NAME = "$(TARGET_NAME)";
				PROVISIONING_PROFILE = "";
				PROVISIONING_PROFILE_SPECIFIER = "";
				TARGETED_DEVICE_FAMILY = "1,2";
			};
			name = Release;
		};
		CF32A2C11BBFEE34008122CC /* Debug */ = {
			isa = XCBuildConfiguration;
			buildSettings = {
				BUNDLE_LOADER = "$(TEST_HOST)";
				DEVELOPMENT_TEAM = 6CHZFW8V57;
				INFOPLIST_FILE = scalezTests/Info.plist;
				LD_RUNPATH_SEARCH_PATHS = "$(inherited) @executable_path/Frameworks @loader_path/Frameworks";
				PRODUCT_BUNDLE_IDENTIFIER = com.jjorgemoura.scalezTests;
				PRODUCT_NAME = "$(TARGET_NAME)";
				TEST_HOST = "$(BUILT_PRODUCTS_DIR)/scalez.app/scalez";
			};
			name = Debug;
		};
		CF32A2C21BBFEE34008122CC /* Release */ = {
			isa = XCBuildConfiguration;
			buildSettings = {
				BUNDLE_LOADER = "$(TEST_HOST)";
				DEVELOPMENT_TEAM = 6CHZFW8V57;
				INFOPLIST_FILE = scalezTests/Info.plist;
				LD_RUNPATH_SEARCH_PATHS = "$(inherited) @executable_path/Frameworks @loader_path/Frameworks";
				PRODUCT_BUNDLE_IDENTIFIER = com.jjorgemoura.scalezTests;
				PRODUCT_NAME = "$(TARGET_NAME)";
				TEST_HOST = "$(BUILT_PRODUCTS_DIR)/scalez.app/scalez";
			};
			name = Release;
		};
		CF32A2C41BBFEE34008122CC /* Debug */ = {
			isa = XCBuildConfiguration;
			buildSettings = {
				DEVELOPMENT_TEAM = 6CHZFW8V57;
				INFOPLIST_FILE = scalezUITests/Info.plist;
				LD_RUNPATH_SEARCH_PATHS = "$(inherited) @executable_path/Frameworks @loader_path/Frameworks";
				PRODUCT_BUNDLE_IDENTIFIER = com.jjorgemoura.scalezUITests;
				PRODUCT_NAME = "$(TARGET_NAME)";
				TEST_TARGET_NAME = scalez;
				USES_XCTRUNNER = YES;
			};
			name = Debug;
		};
		CF32A2C51BBFEE34008122CC /* Release */ = {
			isa = XCBuildConfiguration;
			buildSettings = {
				DEVELOPMENT_TEAM = 6CHZFW8V57;
				INFOPLIST_FILE = scalezUITests/Info.plist;
				LD_RUNPATH_SEARCH_PATHS = "$(inherited) @executable_path/Frameworks @loader_path/Frameworks";
				PRODUCT_BUNDLE_IDENTIFIER = com.jjorgemoura.scalezUITests;
				PRODUCT_NAME = "$(TARGET_NAME)";
				TEST_TARGET_NAME = scalez;
				USES_XCTRUNNER = YES;
			};
			name = Release;
		};
/* End XCBuildConfiguration section */

/* Begin XCConfigurationList section */
		CF32A2901BBFEE34008122CC /* Build configuration list for PBXProject "scalez" */ = {
			isa = XCConfigurationList;
			buildConfigurations = (
				CF32A2BB1BBFEE34008122CC /* Debug */,
				CF32A2BC1BBFEE34008122CC /* Release */,
			);
			defaultConfigurationIsVisible = 0;
			defaultConfigurationName = Release;
		};
		CF32A2BD1BBFEE34008122CC /* Build configuration list for PBXNativeTarget "scalez" */ = {
			isa = XCConfigurationList;
			buildConfigurations = (
				CF32A2BE1BBFEE34008122CC /* Debug */,
				CF32A2BF1BBFEE34008122CC /* Release */,
			);
			defaultConfigurationIsVisible = 0;
			defaultConfigurationName = Release;
		};
		CF32A2C01BBFEE34008122CC /* Build configuration list for PBXNativeTarget "scalezTests" */ = {
			isa = XCConfigurationList;
			buildConfigurations = (
				CF32A2C11BBFEE34008122CC /* Debug */,
				CF32A2C21BBFEE34008122CC /* Release */,
			);
			defaultConfigurationIsVisible = 0;
			defaultConfigurationName = Release;
		};
		CF32A2C31BBFEE34008122CC /* Build configuration list for PBXNativeTarget "scalezUITests" */ = {
			isa = XCConfigurationList;
			buildConfigurations = (
				CF32A2C41BBFEE34008122CC /* Debug */,
				CF32A2C51BBFEE34008122CC /* Release */,
			);
			defaultConfigurationIsVisible = 0;
			defaultConfigurationName = Release;
		};
/* End XCConfigurationList section */
	};
	rootObject = CF32A28D1BBFEE34008122CC /* Project object */;
}
